// !$*UTF8*$!
{
	archiveVersion = 1;
	classes = {
	};
	objectVersion = 50;
	objects = {

/* Begin PBXBuildFile section */
		83E18E2A25B0B5ED00E0D771 /* AppDelegate.swift in Sources */ = {isa = PBXBuildFile; fileRef = 83E18E2925B0B5ED00E0D771 /* AppDelegate.swift */; };
		83E18E2C25B0B5ED00E0D771 /* SceneDelegate.swift in Sources */ = {isa = PBXBuildFile; fileRef = 83E18E2B25B0B5ED00E0D771 /* SceneDelegate.swift */; };
		83E18E2E25B0B5ED00E0D771 /* ViewController.swift in Sources */ = {isa = PBXBuildFile; fileRef = 83E18E2D25B0B5ED00E0D771 /* ViewController.swift */; };
		83E18E3125B0B5ED00E0D771 /* Main.storyboard in Resources */ = {isa = PBXBuildFile; fileRef = 83E18E2F25B0B5ED00E0D771 /* Main.storyboard */; };
		83E18E3325B0B5F400E0D771 /* Assets.xcassets in Resources */ = {isa = PBXBuildFile; fileRef = 83E18E3225B0B5F400E0D771 /* Assets.xcassets */; };
		83E18E3625B0B5F400E0D771 /* LaunchScreen.storyboard in Resources */ = {isa = PBXBuildFile; fileRef = 83E18E3425B0B5F400E0D771 /* LaunchScreen.storyboard */; };
/* End PBXBuildFile section */

/* Begin PBXFileReference section */
		83E18E2625B0B5ED00E0D771 /* ContactsMockup.app */ = {isa = PBXFileReference; explicitFileType = wrapper.application; includeInIndex = 0; path = ContactsMockup.app; sourceTree = BUILT_PRODUCTS_DIR; };
		83E18E2925B0B5ED00E0D771 /* AppDelegate.swift */ = {isa = PBXFileReference; lastKnownFileType = sourcecode.swift; path = AppDelegate.swift; sourceTree = "<group>"; };
		83E18E2B25B0B5ED00E0D771 /* SceneDelegate.swift */ = {isa = PBXFileReference; lastKnownFileType = sourcecode.swift; path = SceneDelegate.swift; sourceTree = "<group>"; };
		83E18E2D25B0B5ED00E0D771 /* ViewController.swift */ = {isa = PBXFileReference; lastKnownFileType = sourcecode.swift; path = ViewController.swift; sourceTree = "<group>"; };
		83E18E3025B0B5ED00E0D771 /* Base */ = {isa = PBXFileReference; lastKnownFileType = file.storyboard; name = Base; path = Base.lproj/Main.storyboard; sourceTree = "<group>"; };
		83E18E3225B0B5F400E0D771 /* Assets.xcassets */ = {isa = PBXFileReference; lastKnownFileType = folder.assetcatalog; path = Assets.xcassets; sourceTree = "<group>"; };
		83E18E3525B0B5F400E0D771 /* Base */ = {isa = PBXFileReference; lastKnownFileType = file.storyboard; name = Base; path = Base.lproj/LaunchScreen.storyboard; sourceTree = "<group>"; };
		83E18E3725B0B5F400E0D771 /* Info.plist */ = {isa = PBXFileReference; lastKnownFileType = text.plist.xml; path = Info.plist; sourceTree = "<group>"; };
/* End PBXFileReference section */

/* Begin PBXFrameworksBuildPhase section */
		83E18E2325B0B5ED00E0D771 /* Frameworks */ = {
			isa = PBXFrameworksBuildPhase;
			buildActionMask = 2147483647;
			files = (
			);
			runOnlyForDeploymentPostprocessing = 0;
		};
/* End PBXFrameworksBuildPhase section */

/* Begin PBXGroup section */
		83E18E1D25B0B5ED00E0D771 = {
			isa = PBXGroup;
			children = (
				83E18E2825B0B5ED00E0D771 /* ContactsMockup */,
				83E18E2725B0B5ED00E0D771 /* Products */,
			);
			sourceTree = "<group>";
		};
		83E18E2725B0B5ED00E0D771 /* Products */ = {
			isa = PBXGroup;
			children = (
				83E18E2625B0B5ED00E0D771 /* ContactsMockup.app */,
			);
			name = Products;
			sourceTree = "<group>";
		};
		83E18E2825B0B5ED00E0D771 /* ContactsMockup */ = {
			isa = PBXGroup;
			children = (
				83E18E2925B0B5ED00E0D771 /* AppDelegate.swift */,
				83E18E2B25B0B5ED00E0D771 /* SceneDelegate.swift */,
				83E18E2D25B0B5ED00E0D771 /* ViewController.swift */,
				83E18E2F25B0B5ED00E0D771 /* Main.storyboard */,
				83E18E3225B0B5F400E0D771 /* Assets.xcassets */,
				83E18E3425B0B5F400E0D771 /* LaunchScreen.storyboard */,
				83E18E3725B0B5F400E0D771 /* Info.plist */,
			);
			path = ContactsMockup;
			sourceTree = "<group>";
		};
/* End PBXGroup section */

/* Begin PBXNativeTarget section */
		83E18E2525B0B5ED00E0D771 /* ContactsMockup */ = {
			isa = PBXNativeTarget;
			buildConfigurationList = 83E18E3A25B0B5F400E0D771 /* Build configuration list for PBXNativeTarget "ContactsMockup" */;
			buildPhases = (
				83E18E2225B0B5ED00E0D771 /* Sources */,
				83E18E2325B0B5ED00E0D771 /* Frameworks */,
				83E18E2425B0B5ED00E0D771 /* Resources */,
			);
			buildRules = (
			);
			dependencies = (
			);
			name = ContactsMockup;
			productName = ContactsMockup;
			productReference = 83E18E2625B0B5ED00E0D771 /* ContactsMockup.app */;
			productType = "com.apple.product-type.application";
		};
/* End PBXNativeTarget section */

/* Begin PBXProject section */
		83E18E1E25B0B5ED00E0D771 /* Project object */ = {
			isa = PBXProject;
			attributes = {
				LastSwiftUpdateCheck = 1230;
				LastUpgradeCheck = 1230;
				TargetAttributes = {
					83E18E2525B0B5ED00E0D771 = {
						CreatedOnToolsVersion = 12.3;
					};
				};
			};
			buildConfigurationList = 83E18E2125B0B5ED00E0D771 /* Build configuration list for PBXProject "ContactsMockup" */;
			compatibilityVersion = "Xcode 9.3";
			developmentRegion = en;
			hasScannedForEncodings = 0;
			knownRegions = (
				en,
				Base,
			);
			mainGroup = 83E18E1D25B0B5ED00E0D771;
			productRefGroup = 83E18E2725B0B5ED00E0D771 /* Products */;
			projectDirPath = "";
			projectRoot = "";
			targets = (
				83E18E2525B0B5ED00E0D771 /* ContactsMockup */,
			);
		};
/* End PBXProject section */

/* Begin PBXResourcesBuildPhase section */
		83E18E2425B0B5ED00E0D771 /* Resources */ = {
			isa = PBXResourcesBuildPhase;
			buildActionMask = 2147483647;
			files = (
				83E18E3625B0B5F400E0D771 /* LaunchScreen.storyboard in Resources */,
				83E18E3325B0B5F400E0D771 /* Assets.xcassets in Resources */,
				83E18E3125B0B5ED00E0D771 /* Main.storyboard in Resources */,
			);
			runOnlyForDeploymentPostprocessing = 0;
		};
/* End PBXResourcesBuildPhase section */

/* Begin PBXSourcesBuildPhase section */
		83E18E2225B0B5ED00E0D771 /* Sources */ = {
			isa = PBXSourcesBuildPhase;
			buildActionMask = 2147483647;
			files = (
				83E18E2E25B0B5ED00E0D771 /* ViewController.swift in Sources */,
				83E18E2A25B0B5ED00E0D771 /* AppDelegate.swift in Sources */,
				83E18E2C25B0B5ED00E0D771 /* SceneDelegate.swift in Sources */,
			);
			runOnlyForDeploymentPostprocessing = 0;
		};
/* End PBXSourcesBuildPhase section */

/* Begin PBXVariantGroup section */
		83E18E2F25B0B5ED00E0D771 /* Main.storyboard */ = {
			isa = PBXVariantGroup;
			children = (
				83E18E3025B0B5ED00E0D771 /* Base */,
			);
			name = Main.storyboard;
			sourceTree = "<group>";
		};
		83E18E3425B0B5F400E0D771 /* LaunchScreen.storyboard */ = {
			isa = PBXVariantGroup;
			children = (
				83E18E3525B0B5F400E0D771 /* Base */,
			);
			name = LaunchScreen.storyboard;
			sourceTree = "<group>";
		};
/* End PBXVariantGroup section */

/* Begin XCBuildConfiguration section */
		83E18E3825B0B5F400E0D771 /* Debug */ = {
			isa = XCBuildConfiguration;
			buildSettings = {
				ALWAYS_SEARCH_USER_PATHS = NO;
				CLANG_ANALYZER_NONNULL = YES;
				CLANG_ANALYZER_NUMBER_OBJECT_CONVERSION = YES_AGGRESSIVE;
				CLANG_CXX_LANGUAGE_STANDARD = "gnu++14";
				CLANG_CXX_LIBRARY = "libc++";
				CLANG_ENABLE_MODULES = YES;
				CLANG_ENABLE_OBJC_ARC = YES;
				CLANG_ENABLE_OBJC_WEAK = YES;
				CLANG_WARN_BLOCK_CAPTURE_AUTORELEASING = YES;
				CLANG_WARN_BOOL_CONVERSION = YES;
				CLANG_WARN_COMMA = YES;
				CLANG_WARN_CONSTANT_CONVERSION = YES;
				CLANG_WARN_DEPRECATED_OBJC_IMPLEMENTATIONS = YES;
				CLANG_WARN_DIRECT_OBJC_ISA_USAGE = YES_ERROR;
				CLANG_WARN_DOCUMENTATION_COMMENTS = YES;
				CLANG_WARN_EMPTY_BODY = YES;
				CLANG_WARN_ENUM_CONVERSION = YES;
				CLANG_WARN_INFINITE_RECURSION = YES;
				CLANG_WARN_INT_CONVERSION = YES;
				CLANG_WARN_NON_LITERAL_NULL_CONVERSION = YES;
				CLANG_WARN_OBJC_IMPLICIT_RETAIN_SELF = YES;
				CLANG_WARN_OBJC_LITERAL_CONVERSION = YES;
				CLANG_WARN_OBJC_ROOT_CLASS = YES_ERROR;
				CLANG_WARN_QUOTED_INCLUDE_IN_FRAMEWORK_HEADER = YES;
				CLANG_WARN_RANGE_LOOP_ANALYSIS = YES;
				CLANG_WARN_STRICT_PROTOTYPES = YES;
				CLANG_WARN_SUSPICIOUS_MOVE = YES;
				CLANG_WARN_UNGUARDED_AVAILABILITY = YES_AGGRESSIVE;
				CLANG_WARN_UNREACHABLE_CODE = YES;
				CLANG_WARN__DUPLICATE_METHOD_MATCH = YES;
				COPY_PHASE_STRIP = NO;
				DEBUG_INFORMATION_FORMAT = dwarf;
				ENABLE_STRICT_OBJC_MSGSEND = YES;
				ENABLE_TESTABILITY = YES;
				GCC_C_LANGUAGE_STANDARD = gnu11;
				GCC_DYNAMIC_NO_PIC = NO;
				GCC_NO_COMMON_BLOCKS = YES;
				GCC_OPTIMIZATION_LEVEL = 0;
				GCC_PREPROCESSOR_DEFINITIONS = (
					"DEBUG=1",
					"$(inherited)",
				);
				GCC_WARN_64_TO_32_BIT_CONVERSION = YES;
				GCC_WARN_ABOUT_RETURN_TYPE = YES_ERROR;
				GCC_WARN_UNDECLARED_SELECTOR = YES;
				GCC_WARN_UNINITIALIZED_AUTOS = YES_AGGRESSIVE;
				GCC_WARN_UNUSED_FUNCTION = YES;
				GCC_WARN_UNUSED_VARIABLE = YES;
				IPHONEOS_DEPLOYMENT_TARGET = 14.3;
				MTL_ENABLE_DEBUG_INFO = INCLUDE_SOURCE;
				MTL_FAST_MATH = YES;
				ONLY_ACTIVE_ARCH = YES;
				SDKROOT = iphoneos;
				SWIFT_ACTIVE_COMPILATION_CONDITIONS = DEBUG;
				SWIFT_OPTIMIZATION_LEVEL = "-Onone";
			};
			name = Debug;
		};
		83E18E3925B0B5F400E0D771 /* Release */ = {
			isa = XCBuildConfiguration;
			buildSettings = {
				ALWAYS_SEARCH_USER_PATHS = NO;
				CLANG_ANALYZER_NONNULL = YES;
				CLANG_ANALYZER_NUMBER_OBJECT_CONVERSION = YES_AGGRESSIVE;
				CLANG_CXX_LANGUAGE_STANDARD = "gnu++14";
				CLANG_CXX_LIBRARY = "libc++";
				CLANG_ENABLE_MODULES = YES;
				CLANG_ENABLE_OBJC_ARC = YES;
				CLANG_ENABLE_OBJC_WEAK = YES;
				CLANG_WARN_BLOCK_CAPTURE_AUTORELEASING = YES;
				CLANG_WARN_BOOL_CONVERSION = YES;
				CLANG_WARN_COMMA = YES;
				CLANG_WARN_CONSTANT_CONVERSION = YES;
				CLANG_WARN_DEPRECATED_OBJC_IMPLEMENTATIONS = YES;
				CLANG_WARN_DIRECT_OBJC_ISA_USAGE = YES_ERROR;
				CLANG_WARN_DOCUMENTATION_COMMENTS = YES;
				CLANG_WARN_EMPTY_BODY = YES;
				CLANG_WARN_ENUM_CONVERSION = YES;
				CLANG_WARN_INFINITE_RECURSION = YES;
				CLANG_WARN_INT_CONVERSION = YES;
				CLANG_WARN_NON_LITERAL_NULL_CONVERSION = YES;
				CLANG_WARN_OBJC_IMPLICIT_RETAIN_SELF = YES;
				CLANG_WARN_OBJC_LITERAL_CONVERSION = YES;
				CLANG_WARN_OBJC_ROOT_CLASS = YES_ERROR;
				CLANG_WARN_QUOTED_INCLUDE_IN_FRAMEWORK_HEADER = YES;
				CLANG_WARN_RANGE_LOOP_ANALYSIS = YES;
				CLANG_WARN_STRICT_PROTOTYPES = YES;
				CLANG_WARN_SUSPICIOUS_MOVE = YES;
				CLANG_WARN_UNGUARDED_AVAILABILITY = YES_AGGRESSIVE;
				CLANG_WARN_UNREACHABLE_CODE = YES;
				CLANG_WARN__DUPLICATE_METHOD_MATCH = YES;
				COPY_PHASE_STRIP = NO;
				DEBUG_INFORMATION_FORMAT = "dwarf-with-dsym";
				ENABLE_NS_ASSERTIONS = NO;
				ENABLE_STRICT_OBJC_MSGSEND = YES;
				GCC_C_LANGUAGE_STANDARD = gnu11;
				GCC_NO_COMMON_BLOCKS = YES;
				GCC_WARN_64_TO_32_BIT_CONVERSION = YES;
				GCC_WARN_ABOUT_RETURN_TYPE = YES_ERROR;
				GCC_WARN_UNDECLARED_SELECTOR = YES;
				GCC_WARN_UNINITIALIZED_AUTOS = YES_AGGRESSIVE;
				GCC_WARN_UNUSED_FUNCTION = YES;
				GCC_WARN_UNUSED_VARIABLE = YES;
				IPHONEOS_DEPLOYMENT_TARGET = 14.3;
				MTL_ENABLE_DEBUG_INFO = NO;
				MTL_FAST_MATH = YES;
				SDKROOT = iphoneos;
				SWIFT_COMPILATION_MODE = wholemodule;
				SWIFT_OPTIMIZATION_LEVEL = "-O";
				VALIDATE_PRODUCT = YES;
			};
			name = Release;
		};
		83E18E3B25B0B5F400E0D771 /* Debug */ = {
			isa = XCBuildConfiguration;
			buildSettings = {
				ASSETCATALOG_COMPILER_APPICON_NAME = AppIcon;
				ASSETCATALOG_COMPILER_GLOBAL_ACCENT_COLOR_NAME = AccentColor;
				CODE_SIGN_STYLE = Automatic;
				DEVELOPMENT_TEAM = UZAPXQTVQ4;
				INFOPLIST_FILE = ContactsMockup/Info.plist;
				LD_RUNPATH_SEARCH_PATHS = (
					"$(inherited)",
					"@executable_path/Frameworks",
				);
				PRODUCT_BUNDLE_IDENTIFIER = com.robertmryan.ContactsMockup;
				PRODUCT_NAME = "$(TARGET_NAME)";
				SWIFT_VERSION = 5.0;
				TARGETED_DEVICE_FAMILY = "1,2";
			};
			name = Debug;
		};
		83E18E3C25B0B5F400E0D771 /* Release */ = {
			isa = XCBuildConfiguration;
			buildSettings = {
				ASSETCATALOG_COMPILER_APPICON_NAME = AppIcon;
				ASSETCATALOG_COMPILER_GLOBAL_ACCENT_COLOR_NAME = AccentColor;
				CODE_SIGN_STYLE = Automatic;
				DEVELOPMENT_TEAM = UZAPXQTVQ4;
				INFOPLIST_FILE = ContactsMockup/Info.plist;
				LD_RUNPATH_SEARCH_PATHS = (
					"$(inherited)",
					"@executable_path/Frameworks",
				);
				PRODUCT_BUNDLE_IDENTIFIER = com.robertmryan.ContactsMockup;
				PRODUCT_NAME = "$(TARGET_NAME)";
				SWIFT_VERSION = 5.0;
				TARGETED_DEVICE_FAMILY = "1,2";
			};
			name = Release;
		};
/* End XCBuildConfiguration section */

/* Begin XCConfigurationList section */
		83E18E2125B0B5ED00E0D771 /* Build configuration list for PBXProject "ContactsMockup" */ = {
			isa = XCConfigurationList;
			buildConfigurations = (
				83E18E3825B0B5F400E0D771 /* Debug */,
				83E18E3925B0B5F400E0D771 /* Release */,
			);
			defaultConfigurationIsVisible = 0;
			defaultConfigurationName = Release;
		};
		83E18E3A25B0B5F400E0D771 /* Build configuration list for PBXNativeTarget "ContactsMockup" */ = {
			isa = XCConfigurationList;
			buildConfigurations = (
				83E18E3B25B0B5F400E0D771 /* Debug */,
				83E18E3C25B0B5F400E0D771 /* Release */,
			);
			defaultConfigurationIsVisible = 0;
			defaultConfigurationName = Release;
		};
/* End XCConfigurationList section */
	};
	rootObject = 83E18E1E25B0B5ED00E0D771 /* Project object */;
}
